
Microsoft Visual Studio Solution File, Format Version 12.00
# Visual Studio 15
VisualStudioVersion = 15.0.28010.2041
MinimumVisualStudioVersion = 10.0.40219.1
Project("{FAE04EC0-301F-11D3-BF4B-00C04F79EFBC}") = "PongConsole_Heras", "PongConsole_Heras\PongConsole_Heras.csproj", "{CF781DAA-BB11-4DFC-A68A-D06145A35CB6}"
EndProject
Global
	GlobalSection(SolutionConfigurationPlatforms) = preSolution
		Debug|Any CPU = Debug|Any CPU
		Release|Any CPU = Release|Any CPU
	EndGlobalSection
	GlobalSection(ProjectConfigurationPlatforms) = postSolution
		{CF781DAA-BB11-4DFC-A68A-D06145A35CB6}.Debug|Any CPU.ActiveCfg = Debug|Any CPU
		{CF781DAA-BB11-4DFC-A68A-D06145A35CB6}.Debug|Any CPU.Build.0 = Debug|Any CPU
		{CF781DAA-BB11-4DFC-A68A-D06145A35CB6}.Release|Any CPU.ActiveCfg = Release|Any CPU
		{CF781DAA-BB11-4DFC-A68A-D06145A35CB6}.Release|Any CPU.Build.0 = Release|Any CPU
	EndGlobalSection
	GlobalSection(SolutionProperties) = preSolution
		HideSolutionNode = FALSE
	EndGlobalSection
	GlobalSection(ExtensibilityGlobals) = postSolution
		SolutionGuid = {BB9E1C98-81A0-482B-97B9-3E395FAD29F5}
	EndGlobalSection
EndGlobal
